
Microsoft Visual Studio Solution File, Format Version 12.00
# Visual Studio Version 16
VisualStudioVersion = 16.0.28803.156
MinimumVisualStudioVersion = 10.0.40219.1
Project("{8BC9CEB8-8B4A-11D0-8D11-00A0C91BC942}") = "Tsisa_RK", "Tsisa_RK.vcxproj", "{2725726C-2FC4-40E6-A027-AD6A113D32C9}"
EndProject
Global
	GlobalSection(SolutionConfigurationPlatforms) = preSolution
		Debug|x64 = Debug|x64
		Debug|x86 = Debug|x86
		Release|x64 = Release|x64
		Release|x86 = Release|x86
	EndGlobalSection
	GlobalSection(ProjectConfigurationPlatforms) = postSolution
		{2725726C-2FC4-40E6-A027-AD6A113D32C9}.Debug|x64.ActiveCfg = Debug|x64
		{2725726C-2FC4-40E6-A027-AD6A113D32C9}.Debug|x64.Build.0 = Debug|x64
		{2725726C-2FC4-40E6-A027-AD6A113D32C9}.Debug|x86.ActiveCfg = Debug|Win32
		{2725726C-2FC4-40E6-A027-AD6A113D32C9}.Debug|x86.Build.0 = Debug|Win32
		{2725726C-2FC4-40E6-A027-AD6A113D32C9}.Release|x64.ActiveCfg = Release|x64
		{2725726C-2FC4-40E6-A027-AD6A113D32C9}.Release|x64.Build.0 = Release|x64
		{2725726C-2FC4-40E6-A027-AD6A113D32C9}.Release|x86.ActiveCfg = Release|Win32
		{2725726C-2FC4-40E6-A027-AD6A113D32C9}.Release|x86.Build.0 = Release|Win32
	EndGlobalSection
	GlobalSection(SolutionProperties) = preSolution
		HideSolutionNode = FALSE
	EndGlobalSection
	GlobalSection(ExtensibilityGlobals) = postSolution
		SolutionGuid = {EBE61A2D-C061-4E06-A160-03B2F22F887E}
	EndGlobalSection
EndGlobal
